// !$*UTF8*$!
{
	archiveVersion = 1;
	classes = {
	};
	objectVersion = 48;
	objects = {

/* Begin PBXBuildFile section */
		F48477CE1FA9D1B400D17D9A /* AppDelegate.swift in Sources */ = {isa = PBXBuildFile; fileRef = F48477CD1FA9D1B400D17D9A /* AppDelegate.swift */; };
		F48477D01FA9D1B400D17D9A /* ViewController.swift in Sources */ = {isa = PBXBuildFile; fileRef = F48477CF1FA9D1B400D17D9A /* ViewController.swift */; };
		F48477D31FA9D1B400D17D9A /* Main.storyboard in Resources */ = {isa = PBXBuildFile; fileRef = F48477D11FA9D1B400D17D9A /* Main.storyboard */; };
		F48477D51FA9D1B400D17D9A /* Assets.xcassets in Resources */ = {isa = PBXBuildFile; fileRef = F48477D41FA9D1B400D17D9A /* Assets.xcassets */; };
		F48477D81FA9D1B400D17D9A /* LaunchScreen.storyboard in Resources */ = {isa = PBXBuildFile; fileRef = F48477D61FA9D1B400D17D9A /* LaunchScreen.storyboard */; };
		F48477E31FA9D1B400D17D9A /* CoreDataDemoTests.swift in Sources */ = {isa = PBXBuildFile; fileRef = F48477E21FA9D1B400D17D9A /* CoreDataDemoTests.swift */; };
		F48477EE1FA9D1B500D17D9A /* CoreDataDemoUITests.swift in Sources */ = {isa = PBXBuildFile; fileRef = F48477ED1FA9D1B500D17D9A /* CoreDataDemoUITests.swift */; };
/* End PBXBuildFile section */

/* Begin PBXContainerItemProxy section */
		F48477DF1FA9D1B400D17D9A /* PBXContainerItemProxy */ = {
			isa = PBXContainerItemProxy;
			containerPortal = F48477C21FA9D1B400D17D9A /* Project object */;
			proxyType = 1;
			remoteGlobalIDString = F48477C91FA9D1B400D17D9A;
			remoteInfo = CoreDataDemo;
		};
		F48477EA1FA9D1B500D17D9A /* PBXContainerItemProxy */ = {
			isa = PBXContainerItemProxy;
			containerPortal = F48477C21FA9D1B400D17D9A /* Project object */;
			proxyType = 1;
			remoteGlobalIDString = F48477C91FA9D1B400D17D9A;
			remoteInfo = CoreDataDemo;
		};
/* End PBXContainerItemProxy section */

/* Begin PBXFileReference section */
		F48477CA1FA9D1B400D17D9A /* CoreDataDemo.app */ = {isa = PBXFileReference; explicitFileType = wrapper.application; includeInIndex = 0; path = CoreDataDemo.app; sourceTree = BUILT_PRODUCTS_DIR; };
		F48477CD1FA9D1B400D17D9A /* AppDelegate.swift */ = {isa = PBXFileReference; lastKnownFileType = sourcecode.swift; path = AppDelegate.swift; sourceTree = "<group>"; };
		F48477CF1FA9D1B400D17D9A /* ViewController.swift */ = {isa = PBXFileReference; lastKnownFileType = sourcecode.swift; path = ViewController.swift; sourceTree = "<group>"; };
		F48477D21FA9D1B400D17D9A /* Base */ = {isa = PBXFileReference; lastKnownFileType = file.storyboard; name = Base; path = Base.lproj/Main.storyboard; sourceTree = "<group>"; };
		F48477D41FA9D1B400D17D9A /* Assets.xcassets */ = {isa = PBXFileReference; lastKnownFileType = folder.assetcatalog; path = Assets.xcassets; sourceTree = "<group>"; };
		F48477D71FA9D1B400D17D9A /* Base */ = {isa = PBXFileReference; lastKnownFileType = file.storyboard; name = Base; path = Base.lproj/LaunchScreen.storyboard; sourceTree = "<group>"; };
		F48477D91FA9D1B400D17D9A /* Info.plist */ = {isa = PBXFileReference; lastKnownFileType = text.plist.xml; path = Info.plist; sourceTree = "<group>"; };
		F48477DE1FA9D1B400D17D9A /* CoreDataDemoTests.xctest */ = {isa = PBXFileReference; explicitFileType = wrapper.cfbundle; includeInIndex = 0; path = CoreDataDemoTests.xctest; sourceTree = BUILT_PRODUCTS_DIR; };
		F48477E21FA9D1B400D17D9A /* CoreDataDemoTests.swift */ = {isa = PBXFileReference; lastKnownFileType = sourcecode.swift; path = CoreDataDemoTests.swift; sourceTree = "<group>"; };
		F48477E41FA9D1B400D17D9A /* Info.plist */ = {isa = PBXFileReference; lastKnownFileType = text.plist.xml; path = Info.plist; sourceTree = "<group>"; };
		F48477E91FA9D1B500D17D9A /* CoreDataDemoUITests.xctest */ = {isa = PBXFileReference; explicitFileType = wrapper.cfbundle; includeInIndex = 0; path = CoreDataDemoUITests.xctest; sourceTree = BUILT_PRODUCTS_DIR; };
		F48477ED1FA9D1B500D17D9A /* CoreDataDemoUITests.swift */ = {isa = PBXFileReference; lastKnownFileType = sourcecode.swift; path = CoreDataDemoUITests.swift; sourceTree = "<group>"; };
		F48477EF1FA9D1B500D17D9A /* Info.plist */ = {isa = PBXFileReference; lastKnownFileType = text.plist.xml; path = Info.plist; sourceTree = "<group>"; };
/* End PBXFileReference section */

/* Begin PBXFrameworksBuildPhase section */
		F48477C71FA9D1B400D17D9A /* Frameworks */ = {
			isa = PBXFrameworksBuildPhase;
			buildActionMask = 2147483647;
			files = (
			);
			runOnlyForDeploymentPostprocessing = 0;
		};
		F48477DB1FA9D1B400D17D9A /* Frameworks */ = {
			isa = PBXFrameworksBuildPhase;
			buildActionMask = 2147483647;
			files = (
			);
			runOnlyForDeploymentPostprocessing = 0;
		};
		F48477E61FA9D1B500D17D9A /* Frameworks */ = {
			isa = PBXFrameworksBuildPhase;
			buildActionMask = 2147483647;
			files = (
			);
			runOnlyForDeploymentPostprocessing = 0;
		};
/* End PBXFrameworksBuildPhase section */

/* Begin PBXGroup section */
		F48477C11FA9D1B400D17D9A = {
			isa = PBXGroup;
			children = (
				F48477CC1FA9D1B400D17D9A /* CoreDataDemo */,
				F48477E11FA9D1B400D17D9A /* CoreDataDemoTests */,
				F48477EC1FA9D1B500D17D9A /* CoreDataDemoUITests */,
				F48477CB1FA9D1B400D17D9A /* Products */,
			);
			sourceTree = "<group>";
		};
		F48477CB1FA9D1B400D17D9A /* Products */ = {
			isa = PBXGroup;
			children = (
				F48477CA1FA9D1B400D17D9A /* CoreDataDemo.app */,
				F48477DE1FA9D1B400D17D9A /* CoreDataDemoTests.xctest */,
				F48477E91FA9D1B500D17D9A /* CoreDataDemoUITests.xctest */,
			);
			name = Products;
			sourceTree = "<group>";
		};
		F48477CC1FA9D1B400D17D9A /* CoreDataDemo */ = {
			isa = PBXGroup;
			children = (
				F48477CD1FA9D1B400D17D9A /* AppDelegate.swift */,
				F48477CF1FA9D1B400D17D9A /* ViewController.swift */,
				F48477D11FA9D1B400D17D9A /* Main.storyboard */,
				F48477D41FA9D1B400D17D9A /* Assets.xcassets */,
				F48477D61FA9D1B400D17D9A /* LaunchScreen.storyboard */,
				F48477D91FA9D1B400D17D9A /* Info.plist */,
			);
			path = CoreDataDemo;
			sourceTree = "<group>";
		};
		F48477E11FA9D1B400D17D9A /* CoreDataDemoTests */ = {
			isa = PBXGroup;
			children = (
				F48477E21FA9D1B400D17D9A /* CoreDataDemoTests.swift */,
				F48477E41FA9D1B400D17D9A /* Info.plist */,
			);
			path = CoreDataDemoTests;
			sourceTree = "<group>";
		};
		F48477EC1FA9D1B500D17D9A /* CoreDataDemoUITests */ = {
			isa = PBXGroup;
			children = (
				F48477ED1FA9D1B500D17D9A /* CoreDataDemoUITests.swift */,
				F48477EF1FA9D1B500D17D9A /* Info.plist */,
			);
			path = CoreDataDemoUITests;
			sourceTree = "<group>";
		};
/* End PBXGroup section */

/* Begin PBXNativeTarget section */
		F48477C91FA9D1B400D17D9A /* CoreDataDemo */ = {
			isa = PBXNativeTarget;
			buildConfigurationList = F48477F21FA9D1B500D17D9A /* Build configuration list for PBXNativeTarget "CoreDataDemo" */;
			buildPhases = (
				F48477C61FA9D1B400D17D9A /* Sources */,
				F48477C71FA9D1B400D17D9A /* Frameworks */,
				F48477C81FA9D1B400D17D9A /* Resources */,
			);
			buildRules = (
			);
			dependencies = (
			);
			name = CoreDataDemo;
			productName = CoreDataDemo;
			productReference = F48477CA1FA9D1B400D17D9A /* CoreDataDemo.app */;
			productType = "com.apple.product-type.application";
		};
		F48477DD1FA9D1B400D17D9A /* CoreDataDemoTests */ = {
			isa = PBXNativeTarget;
			buildConfigurationList = F48477F51FA9D1B500D17D9A /* Build configuration list for PBXNativeTarget "CoreDataDemoTests" */;
			buildPhases = (
				F48477DA1FA9D1B400D17D9A /* Sources */,
				F48477DB1FA9D1B400D17D9A /* Frameworks */,
				F48477DC1FA9D1B400D17D9A /* Resources */,
			);
			buildRules = (
			);
			dependencies = (
				F48477E01FA9D1B400D17D9A /* PBXTargetDependency */,
			);
			name = CoreDataDemoTests;
			productName = CoreDataDemoTests;
			productReference = F48477DE1FA9D1B400D17D9A /* CoreDataDemoTests.xctest */;
			productType = "com.apple.product-type.bundle.unit-test";
		};
		F48477E81FA9D1B500D17D9A /* CoreDataDemoUITests */ = {
			isa = PBXNativeTarget;
			buildConfigurationList = F48477F81FA9D1B500D17D9A /* Build configuration list for PBXNativeTarget "CoreDataDemoUITests" */;
			buildPhases = (
				F48477E51FA9D1B500D17D9A /* Sources */,
				F48477E61FA9D1B500D17D9A /* Frameworks */,
				F48477E71FA9D1B500D17D9A /* Resources */,
			);
			buildRules = (
			);
			dependencies = (
				F48477EB1FA9D1B500D17D9A /* PBXTargetDependency */,
			);
			name = CoreDataDemoUITests;
			productName = CoreDataDemoUITests;
			productReference = F48477E91FA9D1B500D17D9A /* CoreDataDemoUITests.xctest */;
			productType = "com.apple.product-type.bundle.ui-testing";
		};
/* End PBXNativeTarget section */

/* Begin PBXProject section */
		F48477C21FA9D1B400D17D9A /* Project object */ = {
			isa = PBXProject;
			attributes = {
				LastSwiftUpdateCheck = 0900;
				LastUpgradeCheck = 0900;
				ORGANIZATIONNAME = "Gaurav Oka";
				TargetAttributes = {
					F48477C91FA9D1B400D17D9A = {
						CreatedOnToolsVersion = 9.0;
						ProvisioningStyle = Automatic;
					};
					F48477DD1FA9D1B400D17D9A = {
						CreatedOnToolsVersion = 9.0;
						ProvisioningStyle = Automatic;
						TestTargetID = F48477C91FA9D1B400D17D9A;
					};
					F48477E81FA9D1B500D17D9A = {
						CreatedOnToolsVersion = 9.0;
						ProvisioningStyle = Automatic;
						TestTargetID = F48477C91FA9D1B400D17D9A;
					};
				};
			};
			buildConfigurationList = F48477C51FA9D1B400D17D9A /* Build configuration list for PBXProject "CoreDataDemo" */;
			compatibilityVersion = "Xcode 8.0";
			developmentRegion = en;
			hasScannedForEncodings = 0;
			knownRegions = (
				en,
				Base,
			);
			mainGroup = F48477C11FA9D1B400D17D9A;
			productRefGroup = F48477CB1FA9D1B400D17D9A /* Products */;
			projectDirPath = "";
			projectRoot = "";
			targets = (
				F48477C91FA9D1B400D17D9A /* CoreDataDemo */,
				F48477DD1FA9D1B400D17D9A /* CoreDataDemoTests */,
				F48477E81FA9D1B500D17D9A /* CoreDataDemoUITests */,
			);
		};
/* End PBXProject section */

/* Begin PBXResourcesBuildPhase section */
		F48477C81FA9D1B400D17D9A /* Resources */ = {
			isa = PBXResourcesBuildPhase;
			buildActionMask = 2147483647;
			files = (
				F48477D81FA9D1B400D17D9A /* LaunchScreen.storyboard in Resources */,
				F48477D51FA9D1B400D17D9A /* Assets.xcassets in Resources */,
				F48477D31FA9D1B400D17D9A /* Main.storyboard in Resources */,
			);
			runOnlyForDeploymentPostprocessing = 0;
		};
		F48477DC1FA9D1B400D17D9A /* Resources */ = {
			isa = PBXResourcesBuildPhase;
			buildActionMask = 2147483647;
			files = (
			);
			runOnlyForDeploymentPostprocessing = 0;
		};
		F48477E71FA9D1B500D17D9A /* Resources */ = {
			isa = PBXResourcesBuildPhase;
			buildActionMask = 2147483647;
			files = (
			);
			runOnlyForDeploymentPostprocessing = 0;
		};
/* End PBXResourcesBuildPhase section */

/* Begin PBXSourcesBuildPhase section */
		F48477C61FA9D1B400D17D9A /* Sources */ = {
			isa = PBXSourcesBuildPhase;
			buildActionMask = 2147483647;
			files = (
				F48477D01FA9D1B400D17D9A /* ViewController.swift in Sources */,
				F48477CE1FA9D1B400D17D9A /* AppDelegate.swift in Sources */,
			);
			runOnlyForDeploymentPostprocessing = 0;
		};
		F48477DA1FA9D1B400D17D9A /* Sources */ = {
			isa = PBXSourcesBuildPhase;
			buildActionMask = 2147483647;
			files = (
				F48477E31FA9D1B400D17D9A /* CoreDataDemoTests.swift in Sources */,
			);
			runOnlyForDeploymentPostprocessing = 0;
		};
		F48477E51FA9D1B500D17D9A /* Sources */ = {
			isa = PBXSourcesBuildPhase;
			buildActionMask = 2147483647;
			files = (
				F48477EE1FA9D1B500D17D9A /* CoreDataDemoUITests.swift in Sources */,
			);
			runOnlyForDeploymentPostprocessing = 0;
		};
/* End PBXSourcesBuildPhase section */

/* Begin PBXTargetDependency section */
		F48477E01FA9D1B400D17D9A /* PBXTargetDependency */ = {
			isa = PBXTargetDependency;
			target = F48477C91FA9D1B400D17D9A /* CoreDataDemo */;
			targetProxy = F48477DF1FA9D1B400D17D9A /* PBXContainerItemProxy */;
		};
		F48477EB1FA9D1B500D17D9A /* PBXTargetDependency */ = {
			isa = PBXTargetDependency;
			target = F48477C91FA9D1B400D17D9A /* CoreDataDemo */;
			targetProxy = F48477EA1FA9D1B500D17D9A /* PBXContainerItemProxy */;
		};
/* End PBXTargetDependency section */

/* Begin PBXVariantGroup section */
		F48477D11FA9D1B400D17D9A /* Main.storyboard */ = {
			isa = PBXVariantGroup;
			children = (
				F48477D21FA9D1B400D17D9A /* Base */,
			);
			name = Main.storyboard;
			sourceTree = "<group>";
		};
		F48477D61FA9D1B400D17D9A /* LaunchScreen.storyboard */ = {
			isa = PBXVariantGroup;
			children = (
				F48477D71FA9D1B400D17D9A /* Base */,
			);
			name = LaunchScreen.storyboard;
			sourceTree = "<group>";
		};
/* End PBXVariantGroup section */

/* Begin XCBuildConfiguration section */
		F48477F01FA9D1B500D17D9A /* Debug */ = {
			isa = XCBuildConfiguration;
			buildSettings = {
				ALWAYS_SEARCH_USER_PATHS = NO;
				CLANG_ANALYZER_NONNULL = YES;
				CLANG_ANALYZER_NUMBER_OBJECT_CONVERSION = YES_AGGRESSIVE;
				CLANG_CXX_LANGUAGE_STANDARD = "gnu++14";
				CLANG_CXX_LIBRARY = "libc++";
				CLANG_ENABLE_MODULES = YES;
				CLANG_ENABLE_OBJC_ARC = YES;
				CLANG_WARN_BLOCK_CAPTURE_AUTORELEASING = YES;
				CLANG_WARN_BOOL_CONVERSION = YES;
				CLANG_WARN_COMMA = YES;
				CLANG_WARN_CONSTANT_CONVERSION = YES;
				CLANG_WARN_DIRECT_OBJC_ISA_USAGE = YES_ERROR;
				CLANG_WARN_DOCUMENTATION_COMMENTS = YES;
				CLANG_WARN_EMPTY_BODY = YES;
				CLANG_WARN_ENUM_CONVERSION = YES;
				CLANG_WARN_INFINITE_RECURSION = YES;
				CLANG_WARN_INT_CONVERSION = YES;
				CLANG_WARN_NON_LITERAL_NULL_CONVERSION = YES;
				CLANG_WARN_OBJC_LITERAL_CONVERSION = YES;
				CLANG_WARN_OBJC_ROOT_CLASS = YES_ERROR;
				CLANG_WARN_RANGE_LOOP_ANALYSIS = YES;
				CLANG_WARN_STRICT_PROTOTYPES = YES;
				CLANG_WARN_SUSPICIOUS_MOVE = YES;
				CLANG_WARN_UNGUARDED_AVAILABILITY = YES_AGGRESSIVE;
				CLANG_WARN_UNREACHABLE_CODE = YES;
				CLANG_WARN__DUPLICATE_METHOD_MATCH = YES;
				CODE_SIGN_IDENTITY = "iPhone Developer";
				COPY_PHASE_STRIP = NO;
				DEBUG_INFORMATION_FORMAT = dwarf;
				ENABLE_STRICT_OBJC_MSGSEND = YES;
				ENABLE_TESTABILITY = YES;
				GCC_C_LANGUAGE_STANDARD = gnu11;
				GCC_DYNAMIC_NO_PIC = NO;
				GCC_NO_COMMON_BLOCKS = YES;
				GCC_OPTIMIZATION_LEVEL = 0;
				GCC_PREPROCESSOR_DEFINITIONS = (
					"DEBUG=1",
					"$(inherited)",
				);
				GCC_WARN_64_TO_32_BIT_CONVERSION = YES;
				GCC_WARN_ABOUT_RETURN_TYPE = YES_ERROR;
				GCC_WARN_UNDECLARED_SELECTOR = YES;
				GCC_WARN_UNINITIALIZED_AUTOS = YES_AGGRESSIVE;
				GCC_WARN_UNUSED_FUNCTION = YES;
				GCC_WARN_UNUSED_VARIABLE = YES;
				IPHONEOS_DEPLOYMENT_TARGET = 11.0;
				MTL_ENABLE_DEBUG_INFO = YES;
				ONLY_ACTIVE_ARCH = YES;
				SDKROOT = iphoneos;
				SWIFT_ACTIVE_COMPILATION_CONDITIONS = DEBUG;
				SWIFT_OPTIMIZATION_LEVEL = "-Onone";
			};
			name = Debug;
		};
		F48477F11FA9D1B500D17D9A /* Release */ = {
			isa = XCBuildConfiguration;
			buildSettings = {
				ALWAYS_SEARCH_USER_PATHS = NO;
				CLANG_ANALYZER_NONNULL = YES;
				CLANG_ANALYZER_NUMBER_OBJECT_CONVERSION = YES_AGGRESSIVE;
				CLANG_CXX_LANGUAGE_STANDARD = "gnu++14";
				CLANG_CXX_LIBRARY = "libc++";
				CLANG_ENABLE_MODULES = YES;
				CLANG_ENABLE_OBJC_ARC = YES;
				CLANG_WARN_BLOCK_CAPTURE_AUTORELEASING = YES;
				CLANG_WARN_BOOL_CONVERSION = YES;
				CLANG_WARN_COMMA = YES;
				CLANG_WARN_CONSTANT_CONVERSION = YES;
				CLANG_WARN_DIRECT_OBJC_ISA_USAGE = YES_ERROR;
				CLANG_WARN_DOCUMENTATION_COMMENTS = YES;
				CLANG_WARN_EMPTY_BODY = YES;
				CLANG_WARN_ENUM_CONVERSION = YES;
				CLANG_WARN_INFINITE_RECURSION = YES;
				CLANG_WARN_INT_CONVERSION = YES;
				CLANG_WARN_NON_LITERAL_NULL_CONVERSION = YES;
				CLANG_WARN_OBJC_LITERAL_CONVERSION = YES;
				CLANG_WARN_OBJC_ROOT_CLASS = YES_ERROR;
				CLANG_WARN_RANGE_LOOP_ANALYSIS = YES;
				CLANG_WARN_STRICT_PROTOTYPES = YES;
				CLANG_WARN_SUSPICIOUS_MOVE = YES;
				CLANG_WARN_UNGUARDED_AVAILABILITY = YES_AGGRESSIVE;
				CLANG_WARN_UNREACHABLE_CODE = YES;
				CLANG_WARN__DUPLICATE_METHOD_MATCH = YES;
				CODE_SIGN_IDENTITY = "iPhone Developer";
				COPY_PHASE_STRIP = NO;
				DEBUG_INFORMATION_FORMAT = "dwarf-with-dsym";
				ENABLE_NS_ASSERTIONS = NO;
				ENABLE_STRICT_OBJC_MSGSEND = YES;
				GCC_C_LANGUAGE_STANDARD = gnu11;
				GCC_NO_COMMON_BLOCKS = YES;
				GCC_WARN_64_TO_32_BIT_CONVERSION = YES;
				GCC_WARN_ABOUT_RETURN_TYPE = YES_ERROR;
				GCC_WARN_UNDECLARED_SELECTOR = YES;
				GCC_WARN_UNINITIALIZED_AUTOS = YES_AGGRESSIVE;
				GCC_WARN_UNUSED_FUNCTION = YES;
				GCC_WARN_UNUSED_VARIABLE = YES;
				IPHONEOS_DEPLOYMENT_TARGET = 11.0;
				MTL_ENABLE_DEBUG_INFO = NO;
				SDKROOT = iphoneos;
				SWIFT_OPTIMIZATION_LEVEL = "-Owholemodule";
				VALIDATE_PRODUCT = YES;
			};
			name = Release;
		};
		F48477F31FA9D1B500D17D9A /* Debug */ = {
			isa = XCBuildConfiguration;
			buildSettings = {
				ASSETCATALOG_COMPILER_APPICON_NAME = AppIcon;
				CODE_SIGN_STYLE = Automatic;
				DEVELOPMENT_TEAM = 52RA52EV86;
				INFOPLIST_FILE = CoreDataDemo/Info.plist;
				LD_RUNPATH_SEARCH_PATHS = "$(inherited) @executable_path/Frameworks";
				PRODUCT_BUNDLE_IDENTIFIER = com.includetech.CoreDataDemo;
				PRODUCT_NAME = "$(TARGET_NAME)";
				SWIFT_VERSION = 4.0;
				TARGETED_DEVICE_FAMILY = "1,2";
			};
			name = Debug;
		};
		F48477F41FA9D1B500D17D9A /* Release */ = {
			isa = XCBuildConfiguration;
			buildSettings = {
				ASSETCATALOG_COMPILER_APPICON_NAME = AppIcon;
				CODE_SIGN_STYLE = Automatic;
				DEVELOPMENT_TEAM = 52RA52EV86;
				INFOPLIST_FILE = CoreDataDemo/Info.plist;
				LD_RUNPATH_SEARCH_PATHS = "$(inherited) @executable_path/Frameworks";
				PRODUCT_BUNDLE_IDENTIFIER = com.includetech.CoreDataDemo;
				PRODUCT_NAME = "$(TARGET_NAME)";
				SWIFT_VERSION = 4.0;
				TARGETED_DEVICE_FAMILY = "1,2";
			};
			name = Release;
		};
		F48477F61FA9D1B500D17D9A /* Debug */ = {
			isa = XCBuildConfiguration;
			buildSettings = {
				ALWAYS_EMBED_SWIFT_STANDARD_LIBRARIES = YES;
				BUNDLE_LOADER = "$(TEST_HOST)";
				CODE_SIGN_STYLE = Automatic;
				DEVELOPMENT_TEAM = 52RA52EV86;
				INFOPLIST_FILE = CoreDataDemoTests/Info.plist;
				LD_RUNPATH_SEARCH_PATHS = "$(inherited) @executable_path/Frameworks @loader_path/Frameworks";
				PRODUCT_BUNDLE_IDENTIFIER = com.includetech.CoreDataDemoTests;
				PRODUCT_NAME = "$(TARGET_NAME)";
				SWIFT_VERSION = 4.0;
				TARGETED_DEVICE_FAMILY = "1,2";
				TEST_HOST = "$(BUILT_PRODUCTS_DIR)/CoreDataDemo.app/CoreDataDemo";
			};
			name = Debug;
		};
		F48477F71FA9D1B500D17D9A /* Release */ = {
			isa = XCBuildConfiguration;
			buildSettings = {
				ALWAYS_EMBED_SWIFT_STANDARD_LIBRARIES = YES;
				BUNDLE_LOADER = "$(TEST_HOST)";
				CODE_SIGN_STYLE = Automatic;
				DEVELOPMENT_TEAM = 52RA52EV86;
				INFOPLIST_FILE = CoreDataDemoTests/Info.plist;
				LD_RUNPATH_SEARCH_PATHS = "$(inherited) @executable_path/Frameworks @loader_path/Frameworks";
				PRODUCT_BUNDLE_IDENTIFIER = com.includetech.CoreDataDemoTests;
				PRODUCT_NAME = "$(TARGET_NAME)";
				SWIFT_VERSION = 4.0;
				TARGETED_DEVICE_FAMILY = "1,2";
				TEST_HOST = "$(BUILT_PRODUCTS_DIR)/CoreDataDemo.app/CoreDataDemo";
			};
			name = Release;
		};
		F48477F91FA9D1B500D17D9A /* Debug */ = {
			isa = XCBuildConfiguration;
			buildSettings = {
				ALWAYS_EMBED_SWIFT_STANDARD_LIBRARIES = YES;
				CODE_SIGN_STYLE = Automatic;
				DEVELOPMENT_TEAM = 52RA52EV86;
				INFOPLIST_FILE = CoreDataDemoUITests/Info.plist;
				LD_RUNPATH_SEARCH_PATHS = "$(inherited) @executable_path/Frameworks @loader_path/Frameworks";
				PRODUCT_BUNDLE_IDENTIFIER = com.includetech.CoreDataDemoUITests;
				PRODUCT_NAME = "$(TARGET_NAME)";
				SWIFT_VERSION = 4.0;
				TARGETED_DEVICE_FAMILY = "1,2";
				TEST_TARGET_NAME = CoreDataDemo;
			};
			name = Debug;
		};
		F48477FA1FA9D1B500D17D9A /* Release */ = {
			isa = XCBuildConfiguration;
			buildSettings = {
				ALWAYS_EMBED_SWIFT_STANDARD_LIBRARIES = YES;
				CODE_SIGN_STYLE = Automatic;
				DEVELOPMENT_TEAM = 52RA52EV86;
				INFOPLIST_FILE = CoreDataDemoUITests/Info.plist;
				LD_RUNPATH_SEARCH_PATHS = "$(inherited) @executable_path/Frameworks @loader_path/Frameworks";
				PRODUCT_BUNDLE_IDENTIFIER = com.includetech.CoreDataDemoUITests;
				PRODUCT_NAME = "$(TARGET_NAME)";
				SWIFT_VERSION = 4.0;
				TARGETED_DEVICE_FAMILY = "1,2";
				TEST_TARGET_NAME = CoreDataDemo;
			};
			name = Release;
		};
/* End XCBuildConfiguration section */

/* Begin XCConfigurationList section */
		F48477C51FA9D1B400D17D9A /* Build configuration list for PBXProject "CoreDataDemo" */ = {
			isa = XCConfigurationList;
			buildConfigurations = (
				F48477F01FA9D1B500D17D9A /* Debug */,
				F48477F11FA9D1B500D17D9A /* Release */,
			);
			defaultConfigurationIsVisible = 0;
			defaultConfigurationName = Release;
		};
		F48477F21FA9D1B500D17D9A /* Build configuration list for PBXNativeTarget "CoreDataDemo" */ = {
			isa = XCConfigurationList;
			buildConfigurations = (
				F48477F31FA9D1B500D17D9A /* Debug */,
				F48477F41FA9D1B500D17D9A /* Release */,
			);
			defaultConfigurationIsVisible = 0;
			defaultConfigurationName = Release;
		};
		F48477F51FA9D1B500D17D9A /* Build configuration list for PBXNativeTarget "CoreDataDemoTests" */ = {
			isa = XCConfigurationList;
			buildConfigurations = (
				F48477F61FA9D1B500D17D9A /* Debug */,
				F48477F71FA9D1B500D17D9A /* Release */,
			);
			defaultConfigurationIsVisible = 0;
			defaultConfigurationName = Release;
		};
		F48477F81FA9D1B500D17D9A /* Build configuration list for PBXNativeTarget "CoreDataDemoUITests" */ = {
			isa = XCConfigurationList;
			buildConfigurations = (
				F48477F91FA9D1B500D17D9A /* Debug */,
				F48477FA1FA9D1B500D17D9A /* Release */,
			);
			defaultConfigurationIsVisible = 0;
			defaultConfigurationName = Release;
		};
/* End XCConfigurationList section */
	};
	rootObject = F48477C21FA9D1B400D17D9A /* Project object */;
}
